{
  "originHash" : "7b053422b020dce7a9be2c7ef325d71eb584450711cd5f7fb96891e9a6f1c298",
  "pins" : [
    {
      "identity" : "youtubeplayerkit",
      "kind" : "remoteSourceControl",
      "location" : "https://github.com/SvenTiigi/YouTubePlayerKit",
      "state" : {
        "revision" : "0f9a98c58462686afc7d3a1355baf21f07e5d330",
        "version" : "2.0.4"
      }
    }
  ],
  "version" : 3
}
